
Microsoft Visual Studio Solution File, Format Version 12.00
# Visual Studio 15
VisualStudioVersion = 15.0.27130.2020
MinimumVisualStudioVersion = 10.0.40219.1
Project("{FAE04EC0-301F-11D3-BF4B-00C04F79EFBC}") = "PhysicalBodySimulation", "PhysicalBodySimulation\PhysicalBodySimulation.csproj", "{EC399BB1-58FC-4BC6-9393-0596A43E48F0}"
EndProject
Global
	GlobalSection(SolutionConfigurationPlatforms) = preSolution
		Debug|Any CPU = Debug|Any CPU
		Release|Any CPU = Release|Any CPU
	EndGlobalSection
	GlobalSection(ProjectConfigurationPlatforms) = postSolution
		{EC399BB1-58FC-4BC6-9393-0596A43E48F0}.Debug|Any CPU.ActiveCfg = Debug|Any CPU
		{EC399BB1-58FC-4BC6-9393-0596A43E48F0}.Debug|Any CPU.Build.0 = Debug|Any CPU
		{EC399BB1-58FC-4BC6-9393-0596A43E48F0}.Release|Any CPU.ActiveCfg = Release|Any CPU
		{EC399BB1-58FC-4BC6-9393-0596A43E48F0}.Release|Any CPU.Build.0 = Release|Any CPU
	EndGlobalSection
	GlobalSection(SolutionProperties) = preSolution
		HideSolutionNode = FALSE
	EndGlobalSection
	GlobalSection(ExtensibilityGlobals) = postSolution
		SolutionGuid = {36A375FD-404C-493D-9D8E-9114832440B9}
	EndGlobalSection
EndGlobal
